lockfileVersion: '9.0'

settings:
  autoInstallPeers: true
  excludeLinksFromLockfile: false

importers:
  .:
    dependencies:
      '@biomejs/biome':
        specifier: ^2.5.15
        version: 2.5.15
    devDependencies:
      '@tenedev/prettier-config':
        specifier: ^1.3.3
        version: 1.3.3(prettier@3.9.9)
      husky:
        specifier: ^9.1.7
        version: 9.1.7
      lint-staged:
        specifier: ^17.2.0
        version: 17.2.0
      prettier:
        specifier: ^3.9.9
        version: 3.9.9

packages:
  '@biomejs/biome@2.5.15':
    resolution:
      {
        integrity: sha512-WZTW4slm/pdkh92K6t/3aEN++44JD1PQ7squ7RCMLI1flHGl43DVOIGXvCjHiZgBMO1V4uYxoFNtqrIA4qGuIQ==,
      }
    engines: { node: '>=14.21.3' }
    hasBin: true

  '@biomejs/cli-darwin-arm64@2.5.15':
    resolution:
      {
        integrity: sha512-BZVzFhJ/mUvTLMYbc9x6el0o2Uv5zP7bACYyhFb6fSc1giroXm7PL0a5KqMJ9F+/BnkYRjagD/ROSDVOZ6eapg==,
      }
    engines: { node: '>=14.21.3' }
    cpu: [arm64]
    os: [darwin]

  '@biomejs/cli-darwin-x64@2.5.15':
    resolution:
      {
        integrity: sha512-V5Kw63V+fVGNFhFrizDxMbGXAzZCh8kYzJpy3GI6gTapWDg7bZK9oYC9CbVgQSEdTnupz0U5Efz8Ev+5vdBBXw==,
      }
    engines: { node: '>=14.21.3' }
    cpu: [x64]
    os: [darwin]

  '@biomejs/cli-linux-arm64-musl@2.5.15':
    resolution:
      {
        integrity: sha512-tGzZUTcJCV7tj5Adh/Gn6nR4MycqA3iohq2LEcrarAgRBkU0h0OKd2UzCRkOsOYOuUGaUJb4YmqRqyy2feGGSw==,
      }
    engines: { node: '>=14.21.3' }
    cpu: [arm64]
    os: [linux]
    libc: [musl]

  '@biomejs/cli-linux-arm64@2.5.15':
    resolution:
      {
        integrity: sha512-XaG7P7eeSLYETD3K9grfB0mQmpLQZjygdbsxekWBJAg4am79fGAtRpfRyNnTvXB2fZFNnJZG3nXm7HBat0+VUw==,
      }
    engines: { node: '>=14.21.3' }
    cpu: [arm64]
    os: [linux]
    libc: [glibc]

  '@biomejs/cli-linux-x64-musl@2.5.15':
    resolution:
      {
        integrity: sha512-IlxUcyxilVGPsE008x13pWdkTbU3nQpP2i9b5UrbOYj6goBkKsRX1XB7yJLcV+O1H9LBchIIm4adOaVLZBX0ZQ==,
      }
    engines: { node: '>=14.21.3' }
    cpu: [x64]
    os: [linux]
    libc: [musl]

  '@biomejs/cli-linux-x64@2.5.15':
    resolution:
      {
        integrity: sha512-xE4iEW/3LqlYj9GFgGrFsFSH51dEEpUbYWBfeOv0q87WkUDxK2o/HhreSb7qMJqck70RVM6Lg96hgedcAYcOkA==,
      }
    engines: { node: '>=14.21.3' }
    cpu: [x64]
    os: [linux]
    libc: [glibc]

  '@biomejs/cli-win32-arm64@2.5.15':
    resolution:
      {
        integrity: sha512-2kPKzhNlm8C+Ru3GcO0Me2ODkCBLrVOUNuyi84RJyWDVKAA4+Kjj3jMjL938lF6BRfvltC4vB2nPY9SvN51Ovg==,
      }
    engines: { node: '>=14.21.3' }
    cpu: [arm64]
    os: [win32]

  '@biomejs/cli-win32-x64@2.5.15':
    resolution:
      {
        integrity: sha512-yAzh4UqEImV6Hcy0zjUqNfJAsUhoD64FBQCdTG8Md/Z2wQeVP/ZmJ3XRYAs1g8J9fjTFyl2fCtc5FB5til47+g==,
      }
    engines: { node: '>=14.21.3' }
    cpu: [x64]
    os: [win32]

  '@tenedev/prettier-config@1.3.3':
    resolution:
      {
        integrity: sha512-Px4dUpF+/lbJkzbCBcbImG37nSx/ncFw/L+FnPJSwFISpnroECsw0vV8v7ndjHEapVquewIdy08Tffx+BhXPOA==,
      }
    engines: { node: '>=14' }
    peerDependencies:
      prettier: 3.x

  detect-indent@7.0.2:
    resolution:
      {
        integrity: sha512-y+8xyqdGLL+6sh0tVeHcfP/QDd8gUgbasolJJpY7NgeQGSZ739bDtSiaiDgtoicy+mtYB81dKLxO9xRhCyIB3A==,
      }
    engines: { node: '>=12.20' }

  detect-newline@4.0.1:
    resolution:
      {
        integrity: sha512-qE3Veg1YXzGHQhlA6jzebZN2qVf6NX+A7m7qlhCGG30dJixrAQhYOsJjsnBjJkCSmuOPpCk30145fr8FV0bzog==,
      }
    engines: { node: ^12.20.0 || ^14.13.1 || >=16.0.0 }

  fdir@6.5.0:
    resolution:
      {
        integrity: sha512-tIbYtZbucOs0BRGqPJkshJUYdL+SDH7dVM8gjy+ERp3WAUjLEFJE+02kanyHtwjWOnwrKYBiwAmM0p4kLJAnXg==,
      }
    engines: { node: '>=12.0.0' }
    peerDependencies:
      picomatch: ^3 || ^4
    peerDependenciesMeta:
      picomatch:
        optional: true

  git-hooks-list@4.2.1:
    resolution:
      {
        integrity: sha512-WNvqJjOxxs/8ZP9+DWdwWJ7cDsd60NHf39XnD82pDVrKO5q7xfPqpkK6hwEAmBa/ZSEE4IOoR75EzbbIuwGlMw==,
      }

  husky@9.1.7:
    resolution:
      {
        integrity: sha512-5gs5ytaNjBrh5Ow3zrvdUUY+0VxIuWVL4i9irt6friV+BqdCfmV11CQTWMiBYWHbXhco+J1kHfTOUkePhCDvMA==,
      }
    engines: { node: '>=18' }
    hasBin: true

  is-plain-obj@4.1.0:
    resolution:
      {
        integrity: sha512-+Pgi+vMuUNkJyExiMBt5IlFoMyKnr5zhJ4Uspz58WOhBF5QoIZkFyNHIbBAtHwzVAgk5RtndVNsDRN61/mmDqg==,
      }
    engines: { node: '>=12' }

  lint-staged@17.2.0:
    resolution:
      {
        integrity: sha512-FchGnFe4i4B1C/a35SPU9bNGPEHSC1+1iV0plLjzBmKVe9klZrlRfSgK6Cw4VeHyqOXbJUXP0vON61uRftNQ0A==,
      }
    engines: { node: '>=22.22.1' }
    hasBin: true

  picomatch@4.0.5:
    resolution:
      {
        integrity: sha512-RvwwcruNjI1ncT5xRakeyS9Lf8lcItv34KD+aif+VH9kduAyfYBipGh12274xtenIPZ119/R9BdTBa8gAwSh0A==,
      }
    engines: { node: '>=12' }

  prettier-plugin-packagejson@3.0.2:
    resolution:
      {
        integrity: sha512-kmoj3hEynXwoHDo8ZhmWAIjRBoQWCDUVackiWfSDWdgD0rS3LGB61T9zoVbume/cotYdCoadUh4sqViAmXvpBQ==,
      }
    peerDependencies:
      prettier: ^3
    peerDependenciesMeta:
      prettier:
        optional: true

  prettier@3.9.9:
    resolution:
      {
        integrity: sha512-Z/CJHIkdujO/OtN7nXUii0Rf3VT5SRuhjBA82Xvu2XhBUgX3nhP67T0LHceBdQLex7OOFGTox+Q5Yg8Jk2Qivg==,
      }
    engines: { node: '>=14' }
    hasBin: true

  semver@7.8.1:
    resolution:
      {
        integrity: sha512-rkVq3IXh+4FDGch+KwzX3aV9W3kO54GyEgpvBzSyctDA6Xtd7RJQV1xmXbeQp5v7+VzLOfVqiutSE6GICgPFvg==,
      }
    engines: { node: '>=10' }
    hasBin: true

  sort-object-keys@2.1.0:
    resolution:
      {
        integrity: sha512-SOiEnthkJKPv2L6ec6HMwhUcN0/lppkeYuN1x63PbyPRrgSPIuBJCiYxYyvWRTtjMlOi14vQUCGUJqS6PLVm8g==,
      }

  sort-package-json@3.6.1:
    resolution:
      {
        integrity: sha512-Chgejw1+10p2D0U2tB7au1lHtz6TkFnxmvZktyBCRyV0GgmF6nl1IxXxAsPtJVsUyg/fo+BfCMAVVFUVRkAHrQ==,
      }
    engines: { node: '>=20' }
    hasBin: true

  sort-package-keys@2.0.0:
    resolution:
      {
        integrity: sha512-LD6yRNs9S5Z9D5+cBLYyfM/ZJfnJYp8UzGA8k/IWCOKCr9hEcGtPnESL6Esms5UnVRbkmZtqU942IT2ezNa0Yg==,
      }

  string-argv@0.3.2:
    resolution:
      {
        integrity: sha512-aqD2Q0144Z+/RqG52NeHEkZauTAUWJO8c6yTftGJKO3Tja5tUgIfmIl6kExvhtxSDP7fXB6DvzkfMpCd/F3G+Q==,
      }
    engines: { node: '>=0.6.19' }

  tinyexec@1.2.4:
    resolution:
      {
        integrity: sha512-SHf/r48b7vOrjve9PxJo3MN5v5yuyjHvdUcrQffT3WXMUfnGmHDVbC4k3sHJaJTgZCwpUplIaAo5ANtMyp3YHg==,
      }
    engines: { node: '>=18' }

  tinyglobby@0.2.17:
    resolution:
      {
        integrity: sha512-wXR/dYpcqKmfWpEdZjiKJOwCNFndD0DMnrW/cYjVGttEkBfVgcLFHoNrlj47mjOVic9yyNu65alsgF4NQyTa2g==,
      }
    engines: { node: '>=12.0.0' }

  yaml@2.9.0:
    resolution:
      {
        integrity: sha512-2AvhNX3mb8zd6Zy7INTtSpl1F15HW6Wnqj0srWlkKLcpYl/gMIMJiyuGq2KeI2YFxUPjdlB+3Lc10seMLtL4cA==,
      }
    engines: { node: '>= 14.6' }
    hasBin: true

snapshots:
  '@biomejs/biome@2.5.15':
    optionalDependencies:
      '@biomejs/cli-darwin-arm64': 2.5.15
      '@biomejs/cli-darwin-x64': 2.5.15
      '@biomejs/cli-linux-arm64': 2.5.15
      '@biomejs/cli-linux-arm64-musl': 2.5.15
      '@biomejs/cli-linux-x64': 2.5.15
      '@biomejs/cli-linux-x64-musl': 2.5.15
      '@biomejs/cli-win32-arm64': 2.5.15
      '@biomejs/cli-win32-x64': 2.5.15

  '@biomejs/cli-darwin-arm64@2.5.15':
    optional: true

  '@biomejs/cli-darwin-x64@2.5.15':
    optional: true

  '@biomejs/cli-linux-arm64-musl@2.5.15':
    optional: true

  '@biomejs/cli-linux-arm64@2.5.15':
    optional: true

  '@biomejs/cli-linux-x64-musl@2.5.15':
    optional: true

  '@biomejs/cli-linux-x64@2.5.15':
    optional: true

  '@biomejs/cli-win32-arm64@2.5.15':
    optional: true

  '@biomejs/cli-win32-x64@2.5.15':
    optional: true

  '@tenedev/prettier-config@1.3.3(prettier@3.9.9)':
    dependencies:
      prettier: 3.9.9
      prettier-plugin-packagejson: 3.0.2(prettier@3.9.9)
      sort-package-keys: 2.0.0

  detect-indent@7.0.2: {}

  detect-newline@4.0.1: {}

  fdir@6.5.0(picomatch@4.0.5):
    optionalDependencies:
      picomatch: 4.0.5

  git-hooks-list@4.2.1: {}

  husky@9.1.7: {}

  is-plain-obj@4.1.0: {}

  lint-staged@17.2.0:
    dependencies:
      picomatch: 4.0.5
      string-argv: 0.3.2
      tinyexec: 1.2.4
    optionalDependencies:
      yaml: 2.9.0

  picomatch@4.0.5: {}

  prettier-plugin-packagejson@3.0.2(prettier@3.9.9):
    dependencies:
      sort-package-json: 3.6.1
    optionalDependencies:
      prettier: 3.9.9

  prettier@3.9.9: {}

  semver@7.8.1: {}

  sort-object-keys@2.1.0: {}

  sort-package-json@3.6.1:
    dependencies:
      detect-indent: 7.0.2
      detect-newline: 4.0.1
      git-hooks-list: 4.2.1
      is-plain-obj: 4.1.0
      semver: 7.8.1
      sort-object-keys: 2.1.0
      tinyglobby: 0.2.17

  sort-package-keys@2.0.0: {}

  string-argv@0.3.2: {}

  tinyexec@1.2.4: {}

  tinyglobby@0.2.17:
    dependencies:
      fdir: 6.5.0(picomatch@4.0.5)
      picomatch: 4.0.5

  yaml@2.9.0:
    optional: true
