lockfileVersion: '9.0'

settings:
  autoInstallPeers: true
  excludeLinksFromLockfile: false

importers:
  .:
    dependencies:
      '@biomejs/biome':
        specifier: ^2
        version: 2.5.5
    devDependencies:
      '@tenedev/prettier-config':
        specifier: ^1.3.0
        version: 1.3.0(prettier@3.9.6)
      husky:
        specifier: ^9.1.7
        version: 9.1.7
      lint-staged:
        specifier: ^17.2.0
        version: 17.2.0
      prettier:
        specifier: ^3.9.6
        version: 3.9.6

packages:
  '@biomejs/biome@2.5.5':
    resolution:
      {
        integrity: sha512-r1S8nFsAG1MY+vJFZALzIvwXAJv6ejDQ0mxP21Tgr9YK3ZFtjrvbBwDdNhx1rUqvccEIeNg20cYCNzl6Cr69pQ==,
      }
    engines: { node: '>=14.21.3' }
    hasBin: true

  '@biomejs/cli-darwin-arm64@2.5.5':
    resolution:
      {
        integrity: sha512-kUrAhXVWUrwmAUnV2iXSK7umxKFysTwvqK+Ty6ptUcLY/7T3SnCAjUowE4uvwaEej6nXZ7hu/dTtbokKdsPeag==,
      }
    engines: { node: '>=14.21.3' }
    cpu: [arm64]
    os: [darwin]

  '@biomejs/cli-darwin-x64@2.5.5':
    resolution:
      {
        integrity: sha512-DamiYc5bUYZ2uxlfc+RLEPtz1Abb6PO5eTbOkufLpSGwd/7AMQAdxhFYiXmwwkJL8IsT8S7GvdgwDHqaMFAvKw==,
      }
    engines: { node: '>=14.21.3' }
    cpu: [x64]
    os: [darwin]

  '@biomejs/cli-linux-arm64-musl@2.5.5':
    resolution:
      {
        integrity: sha512-U4WMl/sy/E/Q73vf15VspakLRRs2LDFcCeBxJnQfXzssb88zpV6PJPaQ3ezhQ7H6Ht2/8bvuZeHgJWzmoxllZg==,
      }
    engines: { node: '>=14.21.3' }
    cpu: [arm64]
    os: [linux]
    libc: [musl]

  '@biomejs/cli-linux-arm64@2.5.5':
    resolution:
      {
        integrity: sha512-lRKF/pH/1RiYiBKExi3TCZVAtvzEm77aifrvcNiDFrR9WxeAnDUjDnseb6y2XV85mjitLs6SILGm2XG77cHtSQ==,
      }
    engines: { node: '>=14.21.3' }
    cpu: [arm64]
    os: [linux]
    libc: [glibc]

  '@biomejs/cli-linux-x64-musl@2.5.5':
    resolution:
      {
        integrity: sha512-m7wC7tjX5Lrmo69dc4md8FeKpPU1NTCY1v7xUoQQ2vadWwNnBS0KZOG8471otFPHrTHihQJAjQPgMObpLvDe6A==,
      }
    engines: { node: '>=14.21.3' }
    cpu: [x64]
    os: [linux]
    libc: [musl]

  '@biomejs/cli-linux-x64@2.5.5':
    resolution:
      {
        integrity: sha512-H/O39nJEw/2Zm/fm7hrmxxoF8kK/aU1uCoPp70ruXVbomaAdLpJJnCmL11Q2JotT8QVHH06So04Oq53lCSwSwQ==,
      }
    engines: { node: '>=14.21.3' }
    cpu: [x64]
    os: [linux]
    libc: [glibc]

  '@biomejs/cli-win32-arm64@2.5.5':
    resolution:
      {
        integrity: sha512-7BryINPuYypLUAH3o/o5ZdgomJ4zn3EDR0ChZJst7n32S6ZhKbgHXuYydLu+YAnx59ehGFR0z/MG6qnzQi3Yyw==,
      }
    engines: { node: '>=14.21.3' }
    cpu: [arm64]
    os: [win32]

  '@biomejs/cli-win32-x64@2.5.5':
    resolution:
      {
        integrity: sha512-bIBFo+n6MIxdNcVFy5CrurbKiZQiUciK3bt8+O9I4wjFZNTfXLpi+giq47522eXqW5NBc9ulx7dR1SlZKi2J5g==,
      }
    engines: { node: '>=14.21.3' }
    cpu: [x64]
    os: [win32]

  '@tenedev/prettier-config@1.3.0':
    resolution:
      {
        integrity: sha512-2Ofz06jCqpDT8VqoiPn6dF9KcBe+DnZUEv614mvo+Vvnmn5e/QvOg9G1Esg83uZ/LwslBjR9J3tHs8uw/giG7A==,
      }
    engines: { node: '>=14' }
    peerDependencies:
      prettier: 3.x

  detect-indent@7.0.2:
    resolution:
      {
        integrity: sha512-y+8xyqdGLL+6sh0tVeHcfP/QDd8gUgbasolJJpY7NgeQGSZ739bDtSiaiDgtoicy+mtYB81dKLxO9xRhCyIB3A==,
      }
    engines: { node: '>=12.20' }

  detect-newline@4.0.1:
    resolution:
      {
        integrity: sha512-qE3Veg1YXzGHQhlA6jzebZN2qVf6NX+A7m7qlhCGG30dJixrAQhYOsJjsnBjJkCSmuOPpCk30145fr8FV0bzog==,
      }
    engines: { node: ^12.20.0 || ^14.13.1 || >=16.0.0 }

  fdir@6.5.0:
    resolution:
      {
        integrity: sha512-tIbYtZbucOs0BRGqPJkshJUYdL+SDH7dVM8gjy+ERp3WAUjLEFJE+02kanyHtwjWOnwrKYBiwAmM0p4kLJAnXg==,
      }
    engines: { node: '>=12.0.0' }
    peerDependencies:
      picomatch: ^3 || ^4
    peerDependenciesMeta:
      picomatch:
        optional: true

  git-hooks-list@4.2.1:
    resolution:
      {
        integrity: sha512-WNvqJjOxxs/8ZP9+DWdwWJ7cDsd60NHf39XnD82pDVrKO5q7xfPqpkK6hwEAmBa/ZSEE4IOoR75EzbbIuwGlMw==,
      }

  husky@9.1.7:
    resolution:
      {
        integrity: sha512-5gs5ytaNjBrh5Ow3zrvdUUY+0VxIuWVL4i9irt6friV+BqdCfmV11CQTWMiBYWHbXhco+J1kHfTOUkePhCDvMA==,
      }
    engines: { node: '>=18' }
    hasBin: true

  is-plain-obj@4.1.0:
    resolution:
      {
        integrity: sha512-+Pgi+vMuUNkJyExiMBt5IlFoMyKnr5zhJ4Uspz58WOhBF5QoIZkFyNHIbBAtHwzVAgk5RtndVNsDRN61/mmDqg==,
      }
    engines: { node: '>=12' }

  lint-staged@17.2.0:
    resolution:
      {
        integrity: sha512-FchGnFe4i4B1C/a35SPU9bNGPEHSC1+1iV0plLjzBmKVe9klZrlRfSgK6Cw4VeHyqOXbJUXP0vON61uRftNQ0A==,
      }
    engines: { node: '>=22.22.1' }
    hasBin: true

  picomatch@4.0.5:
    resolution:
      {
        integrity: sha512-RvwwcruNjI1ncT5xRakeyS9Lf8lcItv34KD+aif+VH9kduAyfYBipGh12274xtenIPZ119/R9BdTBa8gAwSh0A==,
      }
    engines: { node: '>=12' }

  prettier-plugin-packagejson@3.0.2:
    resolution:
      {
        integrity: sha512-kmoj3hEynXwoHDo8ZhmWAIjRBoQWCDUVackiWfSDWdgD0rS3LGB61T9zoVbume/cotYdCoadUh4sqViAmXvpBQ==,
      }
    peerDependencies:
      prettier: ^3
    peerDependenciesMeta:
      prettier:
        optional: true

  prettier@3.9.6:
    resolution:
      {
        integrity: sha512-OpN0zzVdiaiAhxpuuj5efpIS4sY9j7bY6uR5mnj5yPzGkdkjNKSJeUThPb60Jw29QuAZgA4o+/iB49kFiaBX6g==,
      }
    engines: { node: '>=14' }
    hasBin: true

  semver@7.8.1:
    resolution:
      {
        integrity: sha512-rkVq3IXh+4FDGch+KwzX3aV9W3kO54GyEgpvBzSyctDA6Xtd7RJQV1xmXbeQp5v7+VzLOfVqiutSE6GICgPFvg==,
      }
    engines: { node: '>=10' }
    hasBin: true

  sort-object-keys@2.1.0:
    resolution:
      {
        integrity: sha512-SOiEnthkJKPv2L6ec6HMwhUcN0/lppkeYuN1x63PbyPRrgSPIuBJCiYxYyvWRTtjMlOi14vQUCGUJqS6PLVm8g==,
      }

  sort-package-json@3.6.1:
    resolution:
      {
        integrity: sha512-Chgejw1+10p2D0U2tB7au1lHtz6TkFnxmvZktyBCRyV0GgmF6nl1IxXxAsPtJVsUyg/fo+BfCMAVVFUVRkAHrQ==,
      }
    engines: { node: '>=20' }
    hasBin: true

  sort-package-keys@2.0.0:
    resolution:
      {
        integrity: sha512-LD6yRNs9S5Z9D5+cBLYyfM/ZJfnJYp8UzGA8k/IWCOKCr9hEcGtPnESL6Esms5UnVRbkmZtqU942IT2ezNa0Yg==,
      }

  string-argv@0.3.2:
    resolution:
      {
        integrity: sha512-aqD2Q0144Z+/RqG52NeHEkZauTAUWJO8c6yTftGJKO3Tja5tUgIfmIl6kExvhtxSDP7fXB6DvzkfMpCd/F3G+Q==,
      }
    engines: { node: '>=0.6.19' }

  tinyexec@1.2.4:
    resolution:
      {
        integrity: sha512-SHf/r48b7vOrjve9PxJo3MN5v5yuyjHvdUcrQffT3WXMUfnGmHDVbC4k3sHJaJTgZCwpUplIaAo5ANtMyp3YHg==,
      }
    engines: { node: '>=18' }

  tinyglobby@0.2.17:
    resolution:
      {
        integrity: sha512-wXR/dYpcqKmfWpEdZjiKJOwCNFndD0DMnrW/cYjVGttEkBfVgcLFHoNrlj47mjOVic9yyNu65alsgF4NQyTa2g==,
      }
    engines: { node: '>=12.0.0' }

  yaml@2.9.0:
    resolution:
      {
        integrity: sha512-2AvhNX3mb8zd6Zy7INTtSpl1F15HW6Wnqj0srWlkKLcpYl/gMIMJiyuGq2KeI2YFxUPjdlB+3Lc10seMLtL4cA==,
      }
    engines: { node: '>= 14.6' }
    hasBin: true

snapshots:
  '@biomejs/biome@2.5.5':
    optionalDependencies:
      '@biomejs/cli-darwin-arm64': 2.5.5
      '@biomejs/cli-darwin-x64': 2.5.5
      '@biomejs/cli-linux-arm64': 2.5.5
      '@biomejs/cli-linux-arm64-musl': 2.5.5
      '@biomejs/cli-linux-x64': 2.5.5
      '@biomejs/cli-linux-x64-musl': 2.5.5
      '@biomejs/cli-win32-arm64': 2.5.5
      '@biomejs/cli-win32-x64': 2.5.5

  '@biomejs/cli-darwin-arm64@2.5.5':
    optional: true

  '@biomejs/cli-darwin-x64@2.5.5':
    optional: true

  '@biomejs/cli-linux-arm64-musl@2.5.5':
    optional: true

  '@biomejs/cli-linux-arm64@2.5.5':
    optional: true

  '@biomejs/cli-linux-x64-musl@2.5.5':
    optional: true

  '@biomejs/cli-linux-x64@2.5.5':
    optional: true

  '@biomejs/cli-win32-arm64@2.5.5':
    optional: true

  '@biomejs/cli-win32-x64@2.5.5':
    optional: true

  '@tenedev/prettier-config@1.3.0(prettier@3.9.6)':
    dependencies:
      prettier: 3.9.6
      prettier-plugin-packagejson: 3.0.2(prettier@3.9.6)
      sort-package-keys: 2.0.0

  detect-indent@7.0.2: {}

  detect-newline@4.0.1: {}

  fdir@6.5.0(picomatch@4.0.5):
    optionalDependencies:
      picomatch: 4.0.5

  git-hooks-list@4.2.1: {}

  husky@9.1.7: {}

  is-plain-obj@4.1.0: {}

  lint-staged@17.2.0:
    dependencies:
      picomatch: 4.0.5
      string-argv: 0.3.2
      tinyexec: 1.2.4
    optionalDependencies:
      yaml: 2.9.0

  picomatch@4.0.5: {}

  prettier-plugin-packagejson@3.0.2(prettier@3.9.6):
    dependencies:
      sort-package-json: 3.6.1
    optionalDependencies:
      prettier: 3.9.6

  prettier@3.9.6: {}

  semver@7.8.1: {}

  sort-object-keys@2.1.0: {}

  sort-package-json@3.6.1:
    dependencies:
      detect-indent: 7.0.2
      detect-newline: 4.0.1
      git-hooks-list: 4.2.1
      is-plain-obj: 4.1.0
      semver: 7.8.1
      sort-object-keys: 2.1.0
      tinyglobby: 0.2.17

  sort-package-keys@2.0.0: {}

  string-argv@0.3.2: {}

  tinyexec@1.2.4: {}

  tinyglobby@0.2.17:
    dependencies:
      fdir: 6.5.0(picomatch@4.0.5)
      picomatch: 4.0.5

  yaml@2.9.0:
    optional: true
